
Microsoft Visual Studio Solution File, Format Version 12.00
# Visual Studio Version 17
VisualStudioVersion = 17.11.35312.102
MinimumVisualStudioVersion = 10.0.40219.1
Project("{9A19103F-16F7-4668-BE54-9A1E7A4F7556}") = "Learn_N-TierArchitectureWeb", "Learn_N-TierArchitecture\Learn_N-TierArchitectureWeb.csproj", "{B0543822-CDEE-423D-BE68-0605ECC26DDB}"
EndProject
Project("{9A19103F-16F7-4668-BE54-9A1E7A4F7556}") = "Learn_N-TierArchitecture.DataAccess", "Learn_N-TierArchitecture.DataAccess\Learn_N-TierArchitecture.DataAccess.csproj", "{A1BE0816-7596-46ED-8824-171FCF8B19D6}"
EndProject
Project("{9A19103F-16F7-4668-BE54-9A1E7A4F7556}") = "Learn_N-TierArchitecture.Model", "Learn_N-TierArchitecture.Model\Learn_N-TierArchitecture.Model.csproj", "{32F90CE1-37CD-460E-895D-52C5205AD48D}"
EndProject
Project("{9A19103F-16F7-4668-BE54-9A1E7A4F7556}") = "Learn_N-TierArchitecture.Util", "Learn_N-TierArchitecture.Util\Learn_N-TierArchitecture.Util.csproj", "{AC6F4D27-29B8-4B8B-B1B6-89F29035B3FF}"
EndProject
Global
	GlobalSection(SolutionConfigurationPlatforms) = preSolution
		Debug|Any CPU = Debug|Any CPU
		Release|Any CPU = Release|Any CPU
	EndGlobalSection
	GlobalSection(ProjectConfigurationPlatforms) = postSolution
		{B0543822-CDEE-423D-BE68-0605ECC26DDB}.Debug|Any CPU.ActiveCfg = Debug|Any CPU
		{B0543822-CDEE-423D-BE68-0605ECC26DDB}.Debug|Any CPU.Build.0 = Debug|Any CPU
		{B0543822-CDEE-423D-BE68-0605ECC26DDB}.Release|Any CPU.ActiveCfg = Release|Any CPU
		{B0543822-CDEE-423D-BE68-0605ECC26DDB}.Release|Any CPU.Build.0 = Release|Any CPU
		{A1BE0816-7596-46ED-8824-171FCF8B19D6}.Debug|Any CPU.ActiveCfg = Debug|Any CPU
		{A1BE0816-7596-46ED-8824-171FCF8B19D6}.Debug|Any CPU.Build.0 = Debug|Any CPU
		{A1BE0816-7596-46ED-8824-171FCF8B19D6}.Release|Any CPU.ActiveCfg = Release|Any CPU
		{A1BE0816-7596-46ED-8824-171FCF8B19D6}.Release|Any CPU.Build.0 = Release|Any CPU
		{32F90CE1-37CD-460E-895D-52C5205AD48D}.Debug|Any CPU.ActiveCfg = Debug|Any CPU
		{32F90CE1-37CD-460E-895D-52C5205AD48D}.Debug|Any CPU.Build.0 = Debug|Any CPU
		{32F90CE1-37CD-460E-895D-52C5205AD48D}.Release|Any CPU.ActiveCfg = Release|Any CPU
		{32F90CE1-37CD-460E-895D-52C5205AD48D}.Release|Any CPU.Build.0 = Release|Any CPU
		{AC6F4D27-29B8-4B8B-B1B6-89F29035B3FF}.Debug|Any CPU.ActiveCfg = Debug|Any CPU
		{AC6F4D27-29B8-4B8B-B1B6-89F29035B3FF}.Debug|Any CPU.Build.0 = Debug|Any CPU
		{AC6F4D27-29B8-4B8B-B1B6-89F29035B3FF}.Release|Any CPU.ActiveCfg = Release|Any CPU
		{AC6F4D27-29B8-4B8B-B1B6-89F29035B3FF}.Release|Any CPU.Build.0 = Release|Any CPU
	EndGlobalSection
	GlobalSection(SolutionProperties) = preSolution
		HideSolutionNode = FALSE
	EndGlobalSection
	GlobalSection(ExtensibilityGlobals) = postSolution
		SolutionGuid = {F4633845-971A-4402-BED5-6252D685F6B3}
	EndGlobalSection
EndGlobal
