
Microsoft Visual Studio Solution File, Format Version 12.00
# Visual Studio Version 17
VisualStudioVersion = 17.11.35312.102
MinimumVisualStudioVersion = 10.0.40219.1
Project("{FAE04EC0-301F-11D3-BF4B-00C04F79EFBC}") = "Learn_N-TierArchitecture", "Learn_N-TierArchitecture\Learn_N-TierArchitecture.csproj", "{B0543822-CDEE-423D-BE68-0605ECC26DDB}"
EndProject
Global
	GlobalSection(SolutionConfigurationPlatforms) = preSolution
		Debug|Any CPU = Debug|Any CPU
		Release|Any CPU = Release|Any CPU
	EndGlobalSection
	GlobalSection(ProjectConfigurationPlatforms) = postSolution
		{B0543822-CDEE-423D-BE68-0605ECC26DDB}.Debug|Any CPU.ActiveCfg = Debug|Any CPU
		{B0543822-CDEE-423D-BE68-0605ECC26DDB}.Debug|Any CPU.Build.0 = Debug|Any CPU
		{B0543822-CDEE-423D-BE68-0605ECC26DDB}.Release|Any CPU.ActiveCfg = Release|Any CPU
		{B0543822-CDEE-423D-BE68-0605ECC26DDB}.Release|Any CPU.Build.0 = Release|Any CPU
	EndGlobalSection
	GlobalSection(SolutionProperties) = preSolution
		HideSolutionNode = FALSE
	EndGlobalSection
	GlobalSection(ExtensibilityGlobals) = postSolution
		SolutionGuid = {F4633845-971A-4402-BED5-6252D685F6B3}
	EndGlobalSection
EndGlobal
